
Microsoft Visual Studio Solution File, Format Version 12.00
# Visual Studio Version 16
VisualStudioVersion = 16.0.31624.102
MinimumVisualStudioVersion = 10.0.40219.1
Project("{FAE04EC0-301F-11D3-BF4B-00C04F79EFBC}") = "LR_31", "LR_31.csproj", "{38AF1EC3-7441-4B29-8E9C-2934DF266A3D}"
EndProject
Global
	GlobalSection(SolutionConfigurationPlatforms) = preSolution
		Debug|Any CPU = Debug|Any CPU
		Release|Any CPU = Release|Any CPU
	EndGlobalSection
	GlobalSection(ProjectConfigurationPlatforms) = postSolution
		{38AF1EC3-7441-4B29-8E9C-2934DF266A3D}.Debug|Any CPU.ActiveCfg = Debug|Any CPU
		{38AF1EC3-7441-4B29-8E9C-2934DF266A3D}.Debug|Any CPU.Build.0 = Debug|Any CPU
		{38AF1EC3-7441-4B29-8E9C-2934DF266A3D}.Release|Any CPU.ActiveCfg = Release|Any CPU
		{38AF1EC3-7441-4B29-8E9C-2934DF266A3D}.Release|Any CPU.Build.0 = Release|Any CPU
	EndGlobalSection
	GlobalSection(SolutionProperties) = preSolution
		HideSolutionNode = FALSE
	EndGlobalSection
	GlobalSection(ExtensibilityGlobals) = postSolution
		SolutionGuid = {EF1F28F4-4E2A-45B0-960E-B6129AE7E32C}
	EndGlobalSection
EndGlobal
